
Microsoft Visual Studio Solution File, Format Version 12.00
# Visual Studio 2013
VisualStudioVersion = 12.0.31101.0
MinimumVisualStudioVersion = 10.0.40219.1
Project("{FAE04EC0-301F-11D3-BF4B-00C04F79EFBC}") = "MissingNumber", "ConsoleApplication1\MissingNumber.csproj", "{A5469920-53CE-45DB-B3D7-75D1FF5C73D1}"
EndProject
Global
	GlobalSection(SolutionConfigurationPlatforms) = preSolution
		Debug|Any CPU = Debug|Any CPU
		Release|Any CPU = Release|Any CPU
	EndGlobalSection
	GlobalSection(ProjectConfigurationPlatforms) = postSolution
		{A5469920-53CE-45DB-B3D7-75D1FF5C73D1}.Debug|Any CPU.ActiveCfg = Debug|Any CPU
		{A5469920-53CE-45DB-B3D7-75D1FF5C73D1}.Debug|Any CPU.Build.0 = Debug|Any CPU
		{A5469920-53CE-45DB-B3D7-75D1FF5C73D1}.Release|Any CPU.ActiveCfg = Release|Any CPU
		{A5469920-53CE-45DB-B3D7-75D1FF5C73D1}.Release|Any CPU.Build.0 = Release|Any CPU
	EndGlobalSection
	GlobalSection(SolutionProperties) = preSolution
		HideSolutionNode = FALSE
	EndGlobalSection
EndGlobal
